
Microsoft Visual Studio Solution File, Format Version 12.00
# Visual Studio 15
VisualStudioVersion = 15.0.28010.2036
MinimumVisualStudioVersion = 10.0.40219.1
Project("{FAE04EC0-301F-11D3-BF4B-00C04F79EFBC}") = "CurrencyConverterService", "CurrencyConverterService\CurrencyConverterService.csproj", "{8CC56998-DCD0-4452-82A5-90D25B604030}"
EndProject
Project("{FAE04EC0-301F-11D3-BF4B-00C04F79EFBC}") = "UI", "UI\UI.csproj", "{DC4ECB57-7D80-4A09-A896-67C1BFF95AC9}"
	ProjectSection(ProjectDependencies) = postProject
		{8CC56998-DCD0-4452-82A5-90D25B604030} = {8CC56998-DCD0-4452-82A5-90D25B604030}
	EndProjectSection
EndProject
Project("{FAE04EC0-301F-11D3-BF4B-00C04F79EFBC}") = "CC.Test", "CC.Test\CC.Test.csproj", "{27F61190-58AF-49FB-8EEC-995D124BEB1D}"
	ProjectSection(ProjectDependencies) = postProject
		{8CC56998-DCD0-4452-82A5-90D25B604030} = {8CC56998-DCD0-4452-82A5-90D25B604030}
	EndProjectSection
EndProject
Global
	GlobalSection(SolutionConfigurationPlatforms) = preSolution
		Debug|Any CPU = Debug|Any CPU
		Release|Any CPU = Release|Any CPU
	EndGlobalSection
	GlobalSection(ProjectConfigurationPlatforms) = postSolution
		{8CC56998-DCD0-4452-82A5-90D25B604030}.Debug|Any CPU.ActiveCfg = Debug|Any CPU
		{8CC56998-DCD0-4452-82A5-90D25B604030}.Debug|Any CPU.Build.0 = Debug|Any CPU
		{8CC56998-DCD0-4452-82A5-90D25B604030}.Release|Any CPU.ActiveCfg = Release|Any CPU
		{8CC56998-DCD0-4452-82A5-90D25B604030}.Release|Any CPU.Build.0 = Release|Any CPU
		{DC4ECB57-7D80-4A09-A896-67C1BFF95AC9}.Debug|Any CPU.ActiveCfg = Debug|Any CPU
		{DC4ECB57-7D80-4A09-A896-67C1BFF95AC9}.Debug|Any CPU.Build.0 = Debug|Any CPU
		{DC4ECB57-7D80-4A09-A896-67C1BFF95AC9}.Release|Any CPU.ActiveCfg = Release|Any CPU
		{DC4ECB57-7D80-4A09-A896-67C1BFF95AC9}.Release|Any CPU.Build.0 = Release|Any CPU
		{27F61190-58AF-49FB-8EEC-995D124BEB1D}.Debug|Any CPU.ActiveCfg = Debug|Any CPU
		{27F61190-58AF-49FB-8EEC-995D124BEB1D}.Debug|Any CPU.Build.0 = Debug|Any CPU
		{27F61190-58AF-49FB-8EEC-995D124BEB1D}.Release|Any CPU.ActiveCfg = Release|Any CPU
		{27F61190-58AF-49FB-8EEC-995D124BEB1D}.Release|Any CPU.Build.0 = Release|Any CPU
	EndGlobalSection
	GlobalSection(SolutionProperties) = preSolution
		HideSolutionNode = FALSE
	EndGlobalSection
	GlobalSection(ExtensibilityGlobals) = postSolution
		SolutionGuid = {49AECD31-4674-4C2D-B654-66B3D765D5CF}
	EndGlobalSection
EndGlobal
